{
  "name": "0x00_getdatapoints",
  "version": "1.0.0",
  "lockfileVersion": 1,
  "requires": true,
  "dependencies": {
    "bdsd.client": {
      "version": "1.0.4",
      "resolved": "https://registry.npmjs.org/bdsd.client/-/bdsd.client-1.0.4.tgz",
      "integrity": "sha512-NpYDv/TEyvaRGDefJEPqD8KKFb+5wvpEssXdzhGoydm7l5IuAycyaLRXcbUXqaDH5PEmik6PIPJ+Y4hF6S8G7A=="
    }
  }
}
